version = 1
requires-python = ">=3.11"

[[package]]
name = "certifi"
version = "2025.4.26"
source = { registry = "https://pypi.org/simple" }
sdist = { url = "https://files.pythonhosted.org/packages/e8/9e/c05b3920a3b7d20d3d3310465f50348e5b3694f4f88c6daf736eef3024c4/certifi-2025.4.26.tar.gz", hash = "sha256:0a816057ea3cdefcef70270d2c515e4506bbc954f417fa5ade2021213bb8f0c6", size = 160705 }
wheels = [
    { url = "https://files.pythonhosted.org/packages/4a/7e/3db2bd1b1f9e95f7cddca6d6e75e2f2bd9f51b1246e546d88addca0106bd/certifi-2025.4.26-py3-none-any.whl", hash = "sha256:30350364dfe371162649852c63336a15c70c6510c2ad5015b21c2345311805f3", size = 159618 },
]

[[package]]
name = "charset-normalizer"
version = "3.4.2"
source = { registry = "https://pypi.org/simple" }
sdist = { url = "https://files.pythonhosted.org/packages/e4/33/89c2ced2b67d1c2a61c19c6751aa8902d46ce3dacb23600a283619f5a12d/charset_normalizer-3.4.2.tar.gz", hash = "sha256:5baececa9ecba31eff645232d59845c07aa030f0c81ee70184a90d35099a0e63", size = 126367 }
wheels = [
    { url = "https://files.pythonhosted.org/packages/05/85/4c40d00dcc6284a1c1ad5de5e0996b06f39d8232f1031cd23c2f5c07ee86/charset_normalizer-3.4.2-cp311-cp311-macosx_10_9_universal2.whl", hash = "sha256:be1e352acbe3c78727a16a455126d9ff83ea2dfdcbc83148d2982305a04714c2", size = 198794 },
    { url = "https://files.pythonhosted.org/packages/41/d9/7a6c0b9db952598e97e93cbdfcb91bacd89b9b88c7c983250a77c008703c/charset_normalizer-3.4.2-cp311-cp311-manylinux_2_17_aarch64.manylinux2014_aarch64.whl", hash = "sha256:aa88ca0b1932e93f2d961bf3addbb2db902198dca337d88c89e1559e066e7645", size = 142846 },
    { url = "https://files.pythonhosted.org/packages/66/82/a37989cda2ace7e37f36c1a8ed16c58cf48965a79c2142713244bf945c89/charset_normalizer-3.4.2-cp311-cp311-manylinux_2_17_ppc64le.manylinux2014_ppc64le.whl", hash = "sha256:d524ba3f1581b35c03cb42beebab4a13e6cdad7b36246bd22541fa585a56cccd", size = 153350 },
    { url = "https://files.pythonhosted.org/packages/df/68/a576b31b694d07b53807269d05ec3f6f1093e9545e8607121995ba7a8313/charset_normalizer-3.4.2-cp311-cp311-manylinux_2_17_s390x.manylinux2014_s390x.whl", hash = "sha256:28a1005facc94196e1fb3e82a3d442a9d9110b8434fc1ded7a24a2983c9888d8", size = 145657 },
    { url = "https://files.pythonhosted.org/packages/92/9b/ad67f03d74554bed3aefd56fe836e1623a50780f7c998d00ca128924a499/charset_normalizer-3.4.2-cp311-cp311-manylinux_2_17_x86_64.manylinux2014_x86_64.whl", hash = "sha256:fdb20a30fe1175ecabed17cbf7812f7b804b8a315a25f24678bcdf120a90077f", size = 147260 },
    { url = "https://files.pythonhosted.org/packages/a6/e6/8aebae25e328160b20e31a7e9929b1578bbdc7f42e66f46595a432f8539e/charset_normalizer-3.4.2-cp311-cp311-manylinux_2_5_i686.manylinux1_i686.manylinux_2_17_i686.manylinux2014_i686.whl", hash = "sha256:0f5d9ed7f254402c9e7d35d2f5972c9bbea9040e99cd2861bd77dc68263277c7", size = 149164 },
    { url = "https://files.pythonhosted.org/packages/8b/f2/b3c2f07dbcc248805f10e67a0262c93308cfa149a4cd3d1fe01f593e5fd2/charset_normalizer-3.4.2-cp311-cp311-musllinux_1_2_aarch64.whl", hash = "sha256:efd387a49825780ff861998cd959767800d54f8308936b21025326de4b5a42b9", size = 144571 },
    { url = "https://files.pythonhosted.org/packages/60/5b/c3f3a94bc345bc211622ea59b4bed9ae63c00920e2e8f11824aa5708e8b7/charset_normalizer-3.4.2-cp311-cp311-musllinux_1_2_i686.whl", hash = "sha256:f0aa37f3c979cf2546b73e8222bbfa3dc07a641585340179d768068e3455e544", size = 151952 },
    { url = "https://files.pythonhosted.org/packages/e2/4d/ff460c8b474122334c2fa394a3f99a04cf11c646da895f81402ae54f5c42/charset_normalizer-3.4.2-cp311-cp311-musllinux_1_2_ppc64le.whl", hash = "sha256:e70e990b2137b29dc5564715de1e12701815dacc1d056308e2b17e9095372a82", size = 155959 },
    { url = "https://files.pythonhosted.org/packages/a2/2b/b964c6a2fda88611a1fe3d4c400d39c66a42d6c169c924818c848f922415/charset_normalizer-3.4.2-cp311-cp311-musllinux_1_2_s390x.whl", hash = "sha256:0c8c57f84ccfc871a48a47321cfa49ae1df56cd1d965a09abe84066f6853b9c0", size = 153030 },
    { url = "https://files.pythonhosted.org/packages/59/2e/d3b9811db26a5ebf444bc0fa4f4be5aa6d76fc6e1c0fd537b16c14e849b6/charset_normalizer-3.4.2-cp311-cp311-musllinux_1_2_x86_64.whl", hash = "sha256:6b66f92b17849b85cad91259efc341dce9c1af48e2173bf38a85c6329f1033e5", size = 148015 },
    { url = "https://files.pythonhosted.org/packages/90/07/c5fd7c11eafd561bb51220d600a788f1c8d77c5eef37ee49454cc5c35575/charset_normalizer-3.4.2-cp311-cp311-win32.whl", hash = "sha256:daac4765328a919a805fa5e2720f3e94767abd632ae410a9062dff5412bae65a", size = 98106 },
    { url = "https://files.pythonhosted.org/packages/a8/05/5e33dbef7e2f773d672b6d79f10ec633d4a71cd96db6673625838a4fd532/charset_normalizer-3.4.2-cp311-cp311-win_amd64.whl", hash = "sha256:e53efc7c7cee4c1e70661e2e112ca46a575f90ed9ae3fef200f2a25e954f4b28", size = 105402 },
    { url = "https://files.pythonhosted.org/packages/d7/a4/37f4d6035c89cac7930395a35cc0f1b872e652eaafb76a6075943754f095/charset_normalizer-3.4.2-cp312-cp312-macosx_10_13_universal2.whl", hash = "sha256:0c29de6a1a95f24b9a1aa7aefd27d2487263f00dfd55a77719b530788f75cff7", size = 199936 },
    { url = "https://files.pythonhosted.org/packages/ee/8a/1a5e33b73e0d9287274f899d967907cd0bf9c343e651755d9307e0dbf2b3/charset_normalizer-3.4.2-cp312-cp312-manylinux_2_17_aarch64.manylinux2014_aarch64.whl", hash = "sha256:cddf7bd982eaa998934a91f69d182aec997c6c468898efe6679af88283b498d3", size = 143790 },
    { url = "https://files.pythonhosted.org/packages/66/52/59521f1d8e6ab1482164fa21409c5ef44da3e9f653c13ba71becdd98dec3/charset_normalizer-3.4.2-cp312-cp312-manylinux_2_17_ppc64le.manylinux2014_ppc64le.whl", hash = "sha256:fcbe676a55d7445b22c10967bceaaf0ee69407fbe0ece4d032b6eb8d4565982a", size = 153924 },
    { url = "https://files.pythonhosted.org/packages/86/2d/fb55fdf41964ec782febbf33cb64be480a6b8f16ded2dbe8db27a405c09f/charset_normalizer-3.4.2-cp312-cp312-manylinux_2_17_s390x.manylinux2014_s390x.whl", hash = "sha256:d41c4d287cfc69060fa91cae9683eacffad989f1a10811995fa309df656ec214", size = 146626 },
    { url = "https://files.pythonhosted.org/packages/8c/73/6ede2ec59bce19b3edf4209d70004253ec5f4e319f9a2e3f2f15601ed5f7/charset_normalizer-3.4.2-cp312-cp312-manylinux_2_17_x86_64.manylinux2014_x86_64.whl", hash = "sha256:4e594135de17ab3866138f496755f302b72157d115086d100c3f19370839dd3a", size = 148567 },
    { url = "https://files.pythonhosted.org/packages/09/14/957d03c6dc343c04904530b6bef4e5efae5ec7d7990a7cbb868e4595ee30/charset_normalizer-3.4.2-cp312-cp312-manylinux_2_5_i686.manylinux1_i686.manylinux_2_17_i686.manylinux2014_i686.whl", hash = "sha256:cf713fe9a71ef6fd5adf7a79670135081cd4431c2943864757f0fa3a65b1fafd", size = 150957 },
    { url = "https://files.pythonhosted.org/packages/0d/c8/8174d0e5c10ccebdcb1b53cc959591c4c722a3ad92461a273e86b9f5a302/charset_normalizer-3.4.2-cp312-cp312-musllinux_1_2_aarch64.whl", hash = "sha256:a370b3e078e418187da8c3674eddb9d983ec09445c99a3a263c2011993522981", size = 145408 },
    { url = "https://files.pythonhosted.org/packages/58/aa/8904b84bc8084ac19dc52feb4f5952c6df03ffb460a887b42615ee1382e8/charset_normalizer-3.4.2-cp312-cp312-musllinux_1_2_i686.whl", hash = "sha256:a955b438e62efdf7e0b7b52a64dc5c3396e2634baa62471768a64bc2adb73d5c", size = 153399 },
    { url = "https://files.pythonhosted.org/packages/c2/26/89ee1f0e264d201cb65cf054aca6038c03b1a0c6b4ae998070392a3ce605/charset_normalizer-3.4.2-cp312-cp312-musllinux_1_2_ppc64le.whl", hash = "sha256:7222ffd5e4de8e57e03ce2cef95a4c43c98fcb72ad86909abdfc2c17d227fc1b", size = 156815 },
    { url = "https://files.pythonhosted.org/packages/fd/07/68e95b4b345bad3dbbd3a8681737b4338ff2c9df29856a6d6d23ac4c73cb/charset_normalizer-3.4.2-cp312-cp312-musllinux_1_2_s390x.whl", hash = "sha256:bee093bf902e1d8fc0ac143c88902c3dfc8941f7ea1d6a8dd2bcb786d33db03d", size = 154537 },
    { url = "https://files.pythonhosted.org/packages/77/1a/5eefc0ce04affb98af07bc05f3bac9094513c0e23b0562d64af46a06aae4/charset_normalizer-3.4.2-cp312-cp312-musllinux_1_2_x86_64.whl", hash = "sha256:dedb8adb91d11846ee08bec4c8236c8549ac721c245678282dcb06b221aab59f", size = 149565 },
    { url = "https://files.pythonhosted.org/packages/37/a0/2410e5e6032a174c95e0806b1a6585eb21e12f445ebe239fac441995226a/charset_normalizer-3.4.2-cp312-cp312-win32.whl", hash = "sha256:db4c7bf0e07fc3b7d89ac2a5880a6a8062056801b83ff56d8464b70f65482b6c", size = 98357 },
    { url = "https://files.pythonhosted.org/packages/6c/4f/c02d5c493967af3eda9c771ad4d2bbc8df6f99ddbeb37ceea6e8716a32bc/charset_normalizer-3.4.2-cp312-cp312-win_amd64.whl", hash = "sha256:5a9979887252a82fefd3d3ed2a8e3b937a7a809f65dcb1e068b090e165bbe99e", size = 105776 },
    { url = "https://files.pythonhosted.org/packages/ea/12/a93df3366ed32db1d907d7593a94f1fe6293903e3e92967bebd6950ed12c/charset_normalizer-3.4.2-cp313-cp313-macosx_10_13_universal2.whl", hash = "sha256:926ca93accd5d36ccdabd803392ddc3e03e6d4cd1cf17deff3b989ab8e9dbcf0", size = 199622 },
    { url = "https://files.pythonhosted.org/packages/04/93/bf204e6f344c39d9937d3c13c8cd5bbfc266472e51fc8c07cb7f64fcd2de/charset_normalizer-3.4.2-cp313-cp313-manylinux_2_17_aarch64.manylinux2014_aarch64.whl", hash = "sha256:eba9904b0f38a143592d9fc0e19e2df0fa2e41c3c3745554761c5f6447eedabf", size = 143435 },
    { url = "https://files.pythonhosted.org/packages/22/2a/ea8a2095b0bafa6c5b5a55ffdc2f924455233ee7b91c69b7edfcc9e02284/charset_normalizer-3.4.2-cp313-cp313-manylinux_2_17_ppc64le.manylinux2014_ppc64le.whl", hash = "sha256:3fddb7e2c84ac87ac3a947cb4e66d143ca5863ef48e4a5ecb83bd48619e4634e", size = 153653 },
    { url = "https://files.pythonhosted.org/packages/b6/57/1b090ff183d13cef485dfbe272e2fe57622a76694061353c59da52c9a659/charset_normalizer-3.4.2-cp313-cp313-manylinux_2_17_s390x.manylinux2014_s390x.whl", hash = "sha256:98f862da73774290f251b9df8d11161b6cf25b599a66baf087c1ffe340e9bfd1", size = 146231 },
    { url = "https://files.pythonhosted.org/packages/e2/28/ffc026b26f441fc67bd21ab7f03b313ab3fe46714a14b516f931abe1a2d8/charset_normalizer-3.4.2-cp313-cp313-manylinux_2_17_x86_64.manylinux2014_x86_64.whl", hash = "sha256:6c9379d65defcab82d07b2a9dfbfc2e95bc8fe0ebb1b176a3190230a3ef0e07c", size = 148243 },
    { url = "https://files.pythonhosted.org/packages/c0/0f/9abe9bd191629c33e69e47c6ef45ef99773320e9ad8e9cb08b8ab4a8d4cb/charset_normalizer-3.4.2-cp313-cp313-manylinux_2_5_i686.manylinux1_i686.manylinux_2_17_i686.manylinux2014_i686.whl", hash = "sha256:e635b87f01ebc977342e2697d05b56632f5f879a4f15955dfe8cef2448b51691", size = 150442 },
    { url = "https://files.pythonhosted.org/packages/67/7c/a123bbcedca91d5916c056407f89a7f5e8fdfce12ba825d7d6b9954a1a3c/charset_normalizer-3.4.2-cp313-cp313-musllinux_1_2_aarch64.whl", hash = "sha256:1c95a1e2902a8b722868587c0e1184ad5c55631de5afc0eb96bc4b0d738092c0", size = 145147 },
    { url = "https://files.pythonhosted.org/packages/ec/fe/1ac556fa4899d967b83e9893788e86b6af4d83e4726511eaaad035e36595/charset_normalizer-3.4.2-cp313-cp313-musllinux_1_2_i686.whl", hash = "sha256:ef8de666d6179b009dce7bcb2ad4c4a779f113f12caf8dc77f0162c29d20490b", size = 153057 },
    { url = "https://files.pythonhosted.org/packages/2b/ff/acfc0b0a70b19e3e54febdd5301a98b72fa07635e56f24f60502e954c461/charset_normalizer-3.4.2-cp313-cp313-musllinux_1_2_ppc64le.whl", hash = "sha256:32fc0341d72e0f73f80acb0a2c94216bd704f4f0bce10aedea38f30502b271ff", size = 156454 },
    { url = "https://files.pythonhosted.org/packages/92/08/95b458ce9c740d0645feb0e96cea1f5ec946ea9c580a94adfe0b617f3573/charset_normalizer-3.4.2-cp313-cp313-musllinux_1_2_s390x.whl", hash = "sha256:289200a18fa698949d2b39c671c2cc7a24d44096784e76614899a7ccf2574b7b", size = 154174 },
    { url = "https://files.pythonhosted.org/packages/78/be/8392efc43487ac051eee6c36d5fbd63032d78f7728cb37aebcc98191f1ff/charset_normalizer-3.4.2-cp313-cp313-musllinux_1_2_x86_64.whl", hash = "sha256:4a476b06fbcf359ad25d34a057b7219281286ae2477cc5ff5e3f70a246971148", size = 149166 },
    { url = "https://files.pythonhosted.org/packages/44/96/392abd49b094d30b91d9fbda6a69519e95802250b777841cf3bda8fe136c/charset_normalizer-3.4.2-cp313-cp313-win32.whl", hash = "sha256:aaeeb6a479c7667fbe1099af9617c83aaca22182d6cf8c53966491a0f1b7ffb7", size = 98064 },
    { url = "https://files.pythonhosted.org/packages/e9/b0/0200da600134e001d91851ddc797809e2fe0ea72de90e09bec5a2fbdaccb/charset_normalizer-3.4.2-cp313-cp313-win_amd64.whl", hash = "sha256:aa6af9e7d59f9c12b33ae4e9450619cf2488e2bbe9b44030905877f0b2324980", size = 105641 },
    { url = "https://files.pythonhosted.org/packages/20/94/c5790835a017658cbfabd07f3bfb549140c3ac458cfc196323996b10095a/charset_normalizer-3.4.2-py3-none-any.whl", hash = "sha256:7f56930ab0abd1c45cd15be65cc741c28b1c9a34876ce8c17a2fa107810c0af0", size = 52626 },
]

[[package]]
name = "docutils"
version = "0.21.2"
source = { registry = "https://pypi.org/simple" }
sdist = { url = "https://files.pythonhosted.org/packages/ae/ed/aefcc8cd0ba62a0560c3c18c33925362d46c6075480bfa4df87b28e169a9/docutils-0.21.2.tar.gz", hash = "sha256:3a6b18732edf182daa3cd12775bbb338cf5691468f91eeeb109deff6ebfa986f", size = 2204444 }
wheels = [
    { url = "https://files.pythonhosted.org/packages/8f/d7/9322c609343d929e75e7e5e6255e614fcc67572cfd083959cdef3b7aad79/docutils-0.21.2-py3-none-any.whl", hash = "sha256:dafca5b9e384f0e419294eb4d2ff9fa826435bf15f15b7bd45723e8ad76811b2", size = 587408 },
]

[[package]]
name = "filetype"
version = "1.2.0"
source = { registry = "https://pypi.org/simple" }
sdist = { url = "https://files.pythonhosted.org/packages/bb/29/745f7d30d47fe0f251d3ad3dc2978a23141917661998763bebb6da007eb1/filetype-1.2.0.tar.gz", hash = "sha256:66b56cd6474bf41d8c54660347d37afcc3f7d1970648de365c102ef77548aadb", size = 998020 }
wheels = [
    { url = "https://files.pythonhosted.org/packages/18/79/1b8fa1bb3568781e84c9200f951c735f3f157429f44be0495da55894d620/filetype-1.2.0-py2.py3-none-any.whl", hash = "sha256:7ce71b6880181241cf7ac8697a2f1eb6a8bd9b429f7ad6d27b8db9ba5f1c2d25", size = 19970 },
]

[[package]]
name = "idna"
version = "3.10"
source = { registry = "https://pypi.org/simple" }
sdist = { url = "https://files.pythonhosted.org/packages/f1/70/7703c29685631f5a7590aa73f1f1d3fa9a380e654b86af429e0934a32f7d/idna-3.10.tar.gz", hash = "sha256:12f65c9b470abda6dc35cf8e63cc574b1c52b11df2c86030af0ac09b01b13ea9", size = 190490 }
wheels = [
    { url = "https://files.pythonhosted.org/packages/76/c6/c88e154df9c4e1a2a66ccf0005a88dfb2650c1dffb6f5ce603dfbd452ce3/idna-3.10-py3-none-any.whl", hash = "sha256:946d195a0d259cbba61165e88e65941f16e9b36ea6ddb97f00452bae8b1287d3", size = 70442 },
]

[[package]]
name = "kivy"
version = "2.3.1"
source = { registry = "https://pypi.org/simple" }
dependencies = [
    { name = "docutils" },
    { name = "filetype" },
    { name = "kivy-deps-angle", marker = "sys_platform == 'win32'" },
    { name = "kivy-deps-glew", marker = "sys_platform == 'win32'" },
    { name = "kivy-deps-sdl2", marker = "sys_platform == 'win32'" },
    { name = "kivy-garden" },
    { name = "pygments" },
    { name = "pypiwin32", marker = "sys_platform == 'win32'" },
    { name = "requests" },
]
sdist = { url = "https://files.pythonhosted.org/packages/de/48/c40f023dc103bdbd56db11facbb2d0ecbf4b019f7392875ee2a8227cb51e/Kivy-2.3.1.tar.gz", hash = "sha256:0833949e3502cdb4abcf9c1da4384674045ad7d85644313aa1ee7573f3b4f9d9", size = 23967306 }
wheels = [
    { url = "https://files.pythonhosted.org/packages/f7/02/c76a94480adcb93e4da1b393a8eb392914b5812a5a5aa5bdb401c03571c7/Kivy-2.3.1-cp311-cp311-macosx_10_15_universal2.whl", hash = "sha256:acb58843763075818de919989a73657307f4d833a7cc5547c1b16c226e260e5d", size = 11102692 },
    { url = "https://files.pythonhosted.org/packages/03/ac/f5021a35b61f36910a2f38741f28a3e2384c7865c5bf7948cc82371dfe74/Kivy-2.3.1-cp311-cp311-manylinux_2_17_aarch64.manylinux2014_aarch64.whl", hash = "sha256:b7a1799b19f6ab3bcfcef1e729a0229cee646167a1633e067c2add6978f928bb", size = 22792626 },
    { url = "https://files.pythonhosted.org/packages/8c/a1/f0fbcbabf8e285967bbd373275b9bd8e170e79b660a83886f998bdaa5b89/Kivy-2.3.1-cp311-cp311-manylinux_2_17_x86_64.manylinux2014_x86_64.whl", hash = "sha256:f180280df46a8c2f9988159938aa1a3e5a0094060d9586ea79df4b4ead9cad98", size = 22978300 },
    { url = "https://files.pythonhosted.org/packages/62/52/a95bb60501aacf2ff8477f8c2e6b90324c1d48a917bd822d3cccb664cdad/Kivy-2.3.1-cp311-cp311-win_amd64.whl", hash = "sha256:002de19fef53955c48108758beea3092cf281326642d2e71eca1c443f4227cce", size = 4596321 },
    { url = "https://files.pythonhosted.org/packages/de/57/ae1c82d8e017776934659a8cbba19f9b2e870146ad61d825b9061dd94e40/Kivy-2.3.1-cp312-cp312-macosx_10_15_universal2.whl", hash = "sha256:3f74679ef305f0ed0d8bb3599a2dddc80ffc81157bdc07947498dd689fc9a5d9", size = 11122180 },
    { url = "https://files.pythonhosted.org/packages/c1/6b/227e059c9c124632ca3dbbcb24301ec06aedf80f6708cf15588bb3f0a708/Kivy-2.3.1-cp312-cp312-manylinux_2_17_aarch64.manylinux2014_aarch64.whl", hash = "sha256:663e9b2fe5002f53371b3ad3712dccdaaa96905bbeaa83d7c7e64f3c44fec94e", size = 22740609 },
    { url = "https://files.pythonhosted.org/packages/5b/17/e11a5b5778869ea4ec013d29c2fb50829226d6da2cc4d8ce91f27bf0a773/Kivy-2.3.1-cp312-cp312-manylinux_2_17_x86_64.manylinux2014_x86_64.whl", hash = "sha256:2be79fe1494b6e60cb5aa5f124c37961530417cf27a53171b5a72c9e4c7d41cf", size = 23114729 },
    { url = "https://files.pythonhosted.org/packages/25/f2/5dd333fc5917030bdc3daa321eb9c465886618f76b41f9dad92dd2f25928/Kivy-2.3.1-cp312-cp312-win_amd64.whl", hash = "sha256:2046f6608d17b6c1a0530ac9aa127307fa25f6f75764f1d60428a1c0f6c0af88", size = 4562687 },
    { url = "https://files.pythonhosted.org/packages/c9/6c/2c7d7e9a1fe593de7e14cdd3eed8a17c22c62078ac41cfcde2e5f8af5f9c/Kivy-2.3.1-cp313-cp313-macosx_10_15_universal2.whl", hash = "sha256:d8d9e57501961c5d45e5a2c5af0caef24e48f43a0cd88f607eb3b517198cfec4", size = 11033253 },
    { url = "https://files.pythonhosted.org/packages/df/62/12342de62d510bcc1a1e58d071c4830adf13b0787b2314b23c70add0e7ff/Kivy-2.3.1-cp313-cp313-manylinux_2_17_aarch64.manylinux2014_aarch64.whl", hash = "sha256:bfe25296e9612cbfa2b68cfb0ccd3c80db1441c11261a9e131d5f8fed7618c2c", size = 22514825 },
    { url = "https://files.pythonhosted.org/packages/78/04/b00303f94bd6bc1a2cff274110ea843f9976c9b4f7b2eb7af87ddf49481e/Kivy-2.3.1-cp313-cp313-manylinux_2_17_x86_64.manylinux2014_x86_64.whl", hash = "sha256:950d17e275f817ca34cc7c9d55f9d229067e2f7fbd0fad985a74c94893f7e739", size = 22915702 },
    { url = "https://files.pythonhosted.org/packages/ef/c3/76e559df7250c3e06abf682f6f9d0856299f21629d50c441006b3413a7d0/Kivy-2.3.1-cp313-cp313-win_amd64.whl", hash = "sha256:b5127af11c2fc1299f2331402fe4f6edb0985711c2841fbfdf509830c058c78e", size = 4540500 },
]

[[package]]
name = "kivy-deps-angle"
version = "0.4.0"
source = { registry = "https://pypi.org/simple" }
wheels = [
    { url = "https://files.pythonhosted.org/packages/e8/1a/038c0844aa46fc49dcf8a657e890729f8960bfcac72e9c09c10cc18b32f2/kivy_deps.angle-0.4.0-cp311-cp311-win32.whl", hash = "sha256:c3899ff1f3886b80b155955bad07bfa33bbebd97718cdf46dfd788dc467124bc", size = 4588968 },
    { url = "https://files.pythonhosted.org/packages/c3/b1/d1ca22a7b18e7b2b90152a78a0c2d09a96fdb924f87be1914d70d9bee543/kivy_deps.angle-0.4.0-cp311-cp311-win_amd64.whl", hash = "sha256:574381d4e66f3198bc48aa10f238e7a3816ad56b80ec939f5d56fb33a378d0b1", size = 5130936 },
    { url = "https://files.pythonhosted.org/packages/c1/89/bb8b9a0fee422972fcf38a406ee9d0b1636968d7d2b5e97aafea8fdec251/kivy_deps.angle-0.4.0-cp312-cp312-win32.whl", hash = "sha256:4fa7a6366899fba13f7624baf4645787165f45731db08d14557da29c12ee48f0", size = 4588969 },
    { url = "https://files.pythonhosted.org/packages/c7/f2/d1500b880d3079454af0f935408ddd37cfce4fd11f53d0917e169d478869/kivy_deps.angle-0.4.0-cp312-cp312-win_amd64.whl", hash = "sha256:668e670d4afd2551af0af2c627ceb0feac884bd799fb6a3dff78fdbfa2ea0451", size = 5130935 },
    { url = "https://files.pythonhosted.org/packages/47/7e/ad805773fb76f07cb1bdf5147e66ba264a94f5ac54553cd9dee809a161bb/kivy_deps.angle-0.4.0-cp313-cp313-win_amd64.whl", hash = "sha256:9afbf702f8bb9a993c48f39c018ca3b4d2ec381a5d3f82fe65bdaa6af0bba29b", size = 5133260 },
]

[[package]]
name = "kivy-deps-glew"
version = "0.3.1"
source = { registry = "https://pypi.org/simple" }
wheels = [
    { url = "https://files.pythonhosted.org/packages/5d/4e/4300963410a49c4ab6eaadefce3e09c5e17421bc042b072862a27413b08c/kivy_deps.glew-0.3.1-cp311-cp311-win32.whl", hash = "sha256:ee2f80ef7ac70f4b61c50da8101b024308a8c59a57f7f25a6e09762b6c48f942", size = 126457 },
    { url = "https://files.pythonhosted.org/packages/d6/37/884034260818569547347cc2ba89780ff3f83a9ce6b9a894360c1d86e82c/kivy_deps.glew-0.3.1-cp311-cp311-win_amd64.whl", hash = "sha256:22e155ec59ce717387f5d8804811206d200a023ba3d0bc9bbf1393ee28d0053e", size = 123574 },
    { url = "https://files.pythonhosted.org/packages/2b/3b/a960053dccd627e4483db4765fa84318a831cbf3af648aee20297ae56815/kivy_deps.glew-0.3.1-cp312-cp312-win32.whl", hash = "sha256:b64ee4e445a04bc7c848c0261a6045fc2f0944cc05d7f953e3860b49f2703424", size = 126458 },
    { url = "https://files.pythonhosted.org/packages/ad/3a/37a0a051dd3c7298d9e149a489457a6196665444c1a1473ad4fa617e05af/kivy_deps.glew-0.3.1-cp312-cp312-win_amd64.whl", hash = "sha256:3acbbd30da05fc10c185b5d4bb75fbbc882a6ef2192963050c1c94d60a6e795a", size = 123573 },
    { url = "https://files.pythonhosted.org/packages/21/99/e3478c34afed7a820b3348ce7fefc53f2034fa340348dca57162695e69d9/kivy_deps.glew-0.3.1-cp313-cp313-win_amd64.whl", hash = "sha256:f4aa8322078359862ccd9e16e5cea61976d75fb43125d87922e20c916fa31a11", size = 123595 },
]

[[package]]
name = "kivy-deps-sdl2"
version = "0.8.0"
source = { registry = "https://pypi.org/simple" }
wheels = [
    { url = "https://files.pythonhosted.org/packages/4d/a5/d0605aea79495cc430807fb33f0615fe0a9cadb05da45fc6faa6f126a9fd/kivy_deps.sdl2-0.8.0-cp311-cp311-win_amd64.whl", hash = "sha256:ae3735480841ec9a57c0fb26e8647adee474a3d746147e3d75a1fc177c0fbc01", size = 4182250 },
    { url = "https://files.pythonhosted.org/packages/6e/0a/f34b1593977443e02e83343afb80d4a7d06fac394c1c60ac8590ed0e27c5/kivy_deps.sdl2-0.8.0-cp312-cp312-win_amd64.whl", hash = "sha256:bfe0cfca77883dde7e297b3b6039fa9cd7ee8df6b0d12516b38addb0551a574c", size = 4182249 },
    { url = "https://files.pythonhosted.org/packages/9f/94/ef03ca62e042cd8e6a1455279622648c22cd891577b4ad980e1322dcb4ee/kivy_deps.sdl2-0.8.0-cp313-cp313-win_amd64.whl", hash = "sha256:56b1c44565b5e8cfc510585db13396edfc605965254f49ed8931189c546d481f", size = 4182250 },
]

[[package]]
name = "kivy-garden"
version = "0.1.5"
source = { registry = "https://pypi.org/simple" }
dependencies = [
    { name = "requests" },
]
wheels = [
    { url = "https://files.pythonhosted.org/packages/6a/55/cd1555bde62f809219cbc5d8a0836b0293399da2f4ba4e8ee84b6a7cc393/Kivy_Garden-0.1.5-py3-none-any.whl", hash = "sha256:ef50f44b96358cf10ac5665f27a4751bb34ef54051c54b93af891f80afe42929", size = 4623 },
]

[[package]]
name = "pygments"
version = "2.19.1"
source = { registry = "https://pypi.org/simple" }
sdist = { url = "https://files.pythonhosted.org/packages/7c/2d/c3338d48ea6cc0feb8446d8e6937e1408088a72a39937982cc6111d17f84/pygments-2.19.1.tar.gz", hash = "sha256:61c16d2a8576dc0649d9f39e089b5f02bcd27fba10d8fb4dcc28173f7a45151f", size = 4968581 }
wheels = [
    { url = "https://files.pythonhosted.org/packages/8a/0b/9fcc47d19c48b59121088dd6da2488a49d5f72dacf8262e2790a1d2c7d15/pygments-2.19.1-py3-none-any.whl", hash = "sha256:9ea1544ad55cecf4b8242fab6dd35a93bbce657034b0611ee383099054ab6d8c", size = 1225293 },
]

[[package]]
name = "pypiwin32"
version = "223"
source = { registry = "https://pypi.org/simple" }
dependencies = [
    { name = "pywin32" },
]
sdist = { url = "https://files.pythonhosted.org/packages/13/e8/4f38eb30c4dae36634a53c5b2cd73b517ea3607e10d00f61f2494449cec0/pypiwin32-223.tar.gz", hash = "sha256:71be40c1fbd28594214ecaecb58e7aa8b708eabfa0125c8a109ebd51edbd776a", size = 622 }
wheels = [
    { url = "https://files.pythonhosted.org/packages/d0/1b/2f292bbd742e369a100c91faa0483172cd91a1a422a6692055ac920946c5/pypiwin32-223-py3-none-any.whl", hash = "sha256:67adf399debc1d5d14dffc1ab5acacb800da569754fafdc576b2a039485aa775", size = 1674 },
]

[[package]]
name = "pywin32"
version = "310"
source = { registry = "https://pypi.org/simple" }
wheels = [
    { url = "https://files.pythonhosted.org/packages/f7/b1/68aa2986129fb1011dabbe95f0136f44509afaf072b12b8f815905a39f33/pywin32-310-cp311-cp311-win32.whl", hash = "sha256:1e765f9564e83011a63321bb9d27ec456a0ed90d3732c4b2e312b855365ed8bd", size = 8784284 },
    { url = "https://files.pythonhosted.org/packages/b3/bd/d1592635992dd8db5bb8ace0551bc3a769de1ac8850200cfa517e72739fb/pywin32-310-cp311-cp311-win_amd64.whl", hash = "sha256:126298077a9d7c95c53823934f000599f66ec9296b09167810eb24875f32689c", size = 9520748 },
    { url = "https://files.pythonhosted.org/packages/90/b1/ac8b1ffce6603849eb45a91cf126c0fa5431f186c2e768bf56889c46f51c/pywin32-310-cp311-cp311-win_arm64.whl", hash = "sha256:19ec5fc9b1d51c4350be7bb00760ffce46e6c95eaf2f0b2f1150657b1a43c582", size = 8455941 },
    { url = "https://files.pythonhosted.org/packages/6b/ec/4fdbe47932f671d6e348474ea35ed94227fb5df56a7c30cbbb42cd396ed0/pywin32-310-cp312-cp312-win32.whl", hash = "sha256:8a75a5cc3893e83a108c05d82198880704c44bbaee4d06e442e471d3c9ea4f3d", size = 8796239 },
    { url = "https://files.pythonhosted.org/packages/e3/e5/b0627f8bb84e06991bea89ad8153a9e50ace40b2e1195d68e9dff6b03d0f/pywin32-310-cp312-cp312-win_amd64.whl", hash = "sha256:bf5c397c9a9a19a6f62f3fb821fbf36cac08f03770056711f765ec1503972060", size = 9503839 },
    { url = "https://files.pythonhosted.org/packages/1f/32/9ccf53748df72301a89713936645a664ec001abd35ecc8578beda593d37d/pywin32-310-cp312-cp312-win_arm64.whl", hash = "sha256:2349cc906eae872d0663d4d6290d13b90621eaf78964bb1578632ff20e152966", size = 8459470 },
    { url = "https://files.pythonhosted.org/packages/1c/09/9c1b978ffc4ae53999e89c19c77ba882d9fce476729f23ef55211ea1c034/pywin32-310-cp313-cp313-win32.whl", hash = "sha256:5d241a659c496ada3253cd01cfaa779b048e90ce4b2b38cd44168ad555ce74ab", size = 8794384 },
    { url = "https://files.pythonhosted.org/packages/45/3c/b4640f740ffebadd5d34df35fecba0e1cfef8fde9f3e594df91c28ad9b50/pywin32-310-cp313-cp313-win_amd64.whl", hash = "sha256:667827eb3a90208ddbdcc9e860c81bde63a135710e21e4cb3348968e4bd5249e", size = 9503039 },
    { url = "https://files.pythonhosted.org/packages/b4/f4/f785020090fb050e7fb6d34b780f2231f302609dc964672f72bfaeb59a28/pywin32-310-cp313-cp313-win_arm64.whl", hash = "sha256:e308f831de771482b7cf692a1f308f8fca701b2d8f9dde6cc440c7da17e47b33", size = 8458152 },
]

[[package]]
name = "repl-nix-workspace"
version = "0.1.0"
source = { virtual = "." }
dependencies = [
    { name = "kivy" },
    { name = "requests" },
    { name = "retry-requests" },
    { name = "urllib3" },
]

[package.metadata]
requires-dist = [
    { name = "kivy", specifier = ">=2.3.1" },
    { name = "requests", specifier = ">=2.32.3" },
    { name = "retry-requests", specifier = ">=2.0.0" },
    { name = "urllib3", specifier = ">=2.4.0" },
]

[[package]]
name = "requests"
version = "2.32.3"
source = { registry = "https://pypi.org/simple" }
dependencies = [
    { name = "certifi" },
    { name = "charset-normalizer" },
    { name = "idna" },
    { name = "urllib3" },
]
sdist = { url = "https://files.pythonhosted.org/packages/63/70/2bf7780ad2d390a8d301ad0b550f1581eadbd9a20f896afe06353c2a2913/requests-2.32.3.tar.gz", hash = "sha256:55365417734eb18255590a9ff9eb97e9e1da868d4ccd6402399eaf68af20a760", size = 131218 }
wheels = [
    { url = "https://files.pythonhosted.org/packages/f9/9b/335f9764261e915ed497fcdeb11df5dfd6f7bf257d4a6a2a686d80da4d54/requests-2.32.3-py3-none-any.whl", hash = "sha256:70761cfe03c773ceb22aa2f671b4757976145175cdfca038c02654d061d6dcc6", size = 64928 },
]

[[package]]
name = "retry-requests"
version = "2.0.0"
source = { registry = "https://pypi.org/simple" }
dependencies = [
    { name = "requests" },
    { name = "urllib3" },
]
sdist = { url = "https://files.pythonhosted.org/packages/1e/da/6e961557733660bef8d095a1d81423a3707486e2b2ecd2c5ad5ad8d2f59d/retry-requests-2.0.0.tar.gz", hash = "sha256:3d02135e5aafedf09240414182fc7389c5d2b4de0252daba0054c9d6a27e7639", size = 16084 }
wheels = [
    { url = "https://files.pythonhosted.org/packages/b1/f3/8ce908497bebbc2790ef06240a2c0fb28c096abb59062d88f85090464a5f/retry_requests-2.0.0-py3-none-any.whl", hash = "sha256:38e8e3f55051e7b7915c1768884269097865a5da2ea87d5dcafd6ba9498c363f", size = 15772 },
]

[[package]]
name = "urllib3"
version = "2.4.0"
source = { registry = "https://pypi.org/simple" }
sdist = { url = "https://files.pythonhosted.org/packages/8a/78/16493d9c386d8e60e442a35feac5e00f0913c0f4b7c217c11e8ec2ff53e0/urllib3-2.4.0.tar.gz", hash = "sha256:414bc6535b787febd7567804cc015fee39daab8ad86268f1310a9250697de466", size = 390672 }
wheels = [
    { url = "https://files.pythonhosted.org/packages/6b/11/cc635220681e93a0183390e26485430ca2c7b5f9d33b15c74c2861cb8091/urllib3-2.4.0-py3-none-any.whl", hash = "sha256:4e16665048960a0900c702d4a66415956a584919c03361cac9f1df5c5dd7e813", size = 128680 },
]
